
Microsoft Visual Studio Solution File, Format Version 12.00
# Visual Studio 14
VisualStudioVersion = 14.0.25420.1
MinimumVisualStudioVersion = 10.0.40219.1
Project("{FAE04EC0-301F-11D3-BF4B-00C04F79EFBC}") = "Myshow", "Myshow\Myshow.csproj", "{C0835629-178E-46FB-8E02-92E2A538CD3F}"
EndProject
Project("{FAE04EC0-301F-11D3-BF4B-00C04F79EFBC}") = "MyShowBusiness", "MyShowBusiness\MyShowBusiness.csproj", "{0DA76208-1964-482B-8BE6-E8AC8059DA4E}"
EndProject
Project("{FAE04EC0-301F-11D3-BF4B-00C04F79EFBC}") = "MyShowData", "MyShowData\MyShowData.csproj", "{51727C72-E2F0-45FF-9921-689B6C809D2A}"
EndProject
Global
	GlobalSection(SolutionConfigurationPlatforms) = preSolution
		Debug|Any CPU = Debug|Any CPU
		Release|Any CPU = Release|Any CPU
	EndGlobalSection
	GlobalSection(ProjectConfigurationPlatforms) = postSolution
		{C0835629-178E-46FB-8E02-92E2A538CD3F}.Debug|Any CPU.ActiveCfg = Debug|Any CPU
		{C0835629-178E-46FB-8E02-92E2A538CD3F}.Debug|Any CPU.Build.0 = Debug|Any CPU
		{C0835629-178E-46FB-8E02-92E2A538CD3F}.Release|Any CPU.ActiveCfg = Release|Any CPU
		{C0835629-178E-46FB-8E02-92E2A538CD3F}.Release|Any CPU.Build.0 = Release|Any CPU
		{0DA76208-1964-482B-8BE6-E8AC8059DA4E}.Debug|Any CPU.ActiveCfg = Debug|Any CPU
		{0DA76208-1964-482B-8BE6-E8AC8059DA4E}.Debug|Any CPU.Build.0 = Debug|Any CPU
		{0DA76208-1964-482B-8BE6-E8AC8059DA4E}.Release|Any CPU.ActiveCfg = Release|Any CPU
		{0DA76208-1964-482B-8BE6-E8AC8059DA4E}.Release|Any CPU.Build.0 = Release|Any CPU
		{51727C72-E2F0-45FF-9921-689B6C809D2A}.Debug|Any CPU.ActiveCfg = Debug|Any CPU
		{51727C72-E2F0-45FF-9921-689B6C809D2A}.Debug|Any CPU.Build.0 = Debug|Any CPU
		{51727C72-E2F0-45FF-9921-689B6C809D2A}.Release|Any CPU.ActiveCfg = Release|Any CPU
		{51727C72-E2F0-45FF-9921-689B6C809D2A}.Release|Any CPU.Build.0 = Release|Any CPU
	EndGlobalSection
	GlobalSection(SolutionProperties) = preSolution
		HideSolutionNode = FALSE
	EndGlobalSection
EndGlobal
